
Microsoft Visual Studio Solution File, Format Version 12.00
Project("{FAE04EC0-301F-11D3-BF4B-00C04F79EFBC}") = "DAL", "DAL\DAL.csproj", "{722FC85A-5B44-41C8-97E8-FE4D20EC8AF6}"
EndProject
Project("{FAE04EC0-301F-11D3-BF4B-00C04F79EFBC}") = "BLL", "BLL\BLL.csproj", "{20733C8E-4FC3-4B56-93BE-B1ABCDA3E230}"
EndProject
Project("{FAE04EC0-301F-11D3-BF4B-00C04F79EFBC}") = "Web", "Web\Web.csproj", "{9EE4A1B8-3B18-4F3D-9441-0213A95FE8D7}"
EndProject
Project("{FAE04EC0-301F-11D3-BF4B-00C04F79EFBC}") = "Utility", "Utility\Utility.csproj", "{C9D5BF16-869A-46B1-9B63-FB617E60AD8D}"
EndProject
Project("{FAE04EC0-301F-11D3-BF4B-00C04F79EFBC}") = "KnowledgeBase.Mvc", "KnowledgeBase.Mvc\KnowledgeBase.Mvc.csproj", "{5BC54768-BDB3-47D9-9DFB-42B597419EFA}"
EndProject
Global
	GlobalSection(SolutionConfigurationPlatforms) = preSolution
		Debug|Any CPU = Debug|Any CPU
		Release|Any CPU = Release|Any CPU
	EndGlobalSection
	GlobalSection(ProjectConfigurationPlatforms) = postSolution
		{722FC85A-5B44-41C8-97E8-FE4D20EC8AF6}.Debug|Any CPU.ActiveCfg = Debug|Any CPU
		{722FC85A-5B44-41C8-97E8-FE4D20EC8AF6}.Debug|Any CPU.Build.0 = Debug|Any CPU
		{722FC85A-5B44-41C8-97E8-FE4D20EC8AF6}.Release|Any CPU.ActiveCfg = Release|Any CPU
		{722FC85A-5B44-41C8-97E8-FE4D20EC8AF6}.Release|Any CPU.Build.0 = Release|Any CPU
		{20733C8E-4FC3-4B56-93BE-B1ABCDA3E230}.Debug|Any CPU.ActiveCfg = Debug|Any CPU
		{20733C8E-4FC3-4B56-93BE-B1ABCDA3E230}.Debug|Any CPU.Build.0 = Debug|Any CPU
		{20733C8E-4FC3-4B56-93BE-B1ABCDA3E230}.Release|Any CPU.ActiveCfg = Release|Any CPU
		{20733C8E-4FC3-4B56-93BE-B1ABCDA3E230}.Release|Any CPU.Build.0 = Release|Any CPU
		{9EE4A1B8-3B18-4F3D-9441-0213A95FE8D7}.Debug|Any CPU.ActiveCfg = Debug|Any CPU
		{9EE4A1B8-3B18-4F3D-9441-0213A95FE8D7}.Debug|Any CPU.Build.0 = Debug|Any CPU
		{9EE4A1B8-3B18-4F3D-9441-0213A95FE8D7}.Release|Any CPU.ActiveCfg = Release|Any CPU
		{9EE4A1B8-3B18-4F3D-9441-0213A95FE8D7}.Release|Any CPU.Build.0 = Release|Any CPU
		{C9D5BF16-869A-46B1-9B63-FB617E60AD8D}.Debug|Any CPU.ActiveCfg = Debug|Any CPU
		{C9D5BF16-869A-46B1-9B63-FB617E60AD8D}.Debug|Any CPU.Build.0 = Debug|Any CPU
		{C9D5BF16-869A-46B1-9B63-FB617E60AD8D}.Release|Any CPU.ActiveCfg = Release|Any CPU
		{C9D5BF16-869A-46B1-9B63-FB617E60AD8D}.Release|Any CPU.Build.0 = Release|Any CPU
		{5BC54768-BDB3-47D9-9DFB-42B597419EFA}.Debug|Any CPU.ActiveCfg = Debug|Any CPU
		{5BC54768-BDB3-47D9-9DFB-42B597419EFA}.Debug|Any CPU.Build.0 = Debug|Any CPU
		{5BC54768-BDB3-47D9-9DFB-42B597419EFA}.Release|Any CPU.ActiveCfg = Release|Any CPU
		{5BC54768-BDB3-47D9-9DFB-42B597419EFA}.Release|Any CPU.Build.0 = Release|Any CPU
	EndGlobalSection
EndGlobal
